
Microsoft Visual Studio Solution File, Format Version 12.00
# Visual Studio 15
VisualStudioVersion = 15.0.27004.2002
MinimumVisualStudioVersion = 10.0.40219.1
Project("{FAE04EC0-301F-11D3-BF4B-00C04F79EFBC}") = "MVP.Droid", "MVP\MVP.Droid\MVP.Droid.csproj", "{7DFD474C-1D7C-4644-B4AB-F076987D7A09}"
EndProject
Project("{FAE04EC0-301F-11D3-BF4B-00C04F79EFBC}") = "MVP.iOS", "MVP\MVP.iOS\MVP.iOS.csproj", "{951E841E-FAE4-496C-98FC-F4C6307FF9BC}"
EndProject
Project("{FAE04EC0-301F-11D3-BF4B-00C04F79EFBC}") = "MVP", "MVP\MVP\MVP.csproj", "{1F21E748-7254-48BE-A2EB-0D4806223C22}"
EndProject
Project("{FAE04EC0-301F-11D3-BF4B-00C04F79EFBC}") = "MVPUI", "MVPUI\MVPUI.csproj", "{67F9D3A8-F71E-4428-913F-C37AE82CDB24}"
EndProject
Project("{FAE04EC0-301F-11D3-BF4B-00C04F79EFBC}") = "MVP.UWP", "MVP\MVP.UWP\MVP.UWP.csproj", "{3CBF5059-BA08-4E06-B60B-B779947A094D}"
EndProject
Project("{2150E333-8FDC-42A3-9474-1A3956D46DE8}") = "Solution Items", "Solution Items", "{75F4541E-5A1C-4A23-AF6C-5020837F06CE}"
	ProjectSection(SolutionItems) = preProject
		.editorconfig = .editorconfig
		mobile-center-post-clone.ps1 = mobile-center-post-clone.ps1
		MVP\MVP.Droid\mobile-center-post-clone.sh = MVP\MVP.Droid\mobile-center-post-clone.sh
		MVP\MVP.iOS\mobile-center-post-clone.sh = MVP\MVP.iOS\mobile-center-post-clone.sh
		..\README.md = ..\README.md
	EndProjectSection
EndProject
Global
	GlobalSection(SolutionConfigurationPlatforms) = preSolution
		Ad-Hoc|Any CPU = Ad-Hoc|Any CPU
		Ad-Hoc|ARM = Ad-Hoc|ARM
		Ad-Hoc|iPhone = Ad-Hoc|iPhone
		Ad-Hoc|iPhoneSimulator = Ad-Hoc|iPhoneSimulator
		Ad-Hoc|x64 = Ad-Hoc|x64
		Ad-Hoc|x86 = Ad-Hoc|x86
		AppStore|Any CPU = AppStore|Any CPU
		AppStore|ARM = AppStore|ARM
		AppStore|iPhone = AppStore|iPhone
		AppStore|iPhoneSimulator = AppStore|iPhoneSimulator
		AppStore|x64 = AppStore|x64
		AppStore|x86 = AppStore|x86
		Debug|Any CPU = Debug|Any CPU
		Debug|ARM = Debug|ARM
		Debug|iPhone = Debug|iPhone
		Debug|iPhoneSimulator = Debug|iPhoneSimulator
		Debug|x64 = Debug|x64
		Debug|x86 = Debug|x86
		Release|Any CPU = Release|Any CPU
		Release|ARM = Release|ARM
		Release|iPhone = Release|iPhone
		Release|iPhoneSimulator = Release|iPhoneSimulator
		Release|x64 = Release|x64
		Release|x86 = Release|x86
	EndGlobalSection
	GlobalSection(ProjectConfigurationPlatforms) = postSolution
		{7DFD474C-1D7C-4644-B4AB-F076987D7A09}.Ad-Hoc|Any CPU.ActiveCfg = Release|Any CPU
		{7DFD474C-1D7C-4644-B4AB-F076987D7A09}.Ad-Hoc|Any CPU.Build.0 = Release|Any CPU
		{7DFD474C-1D7C-4644-B4AB-F076987D7A09}.Ad-Hoc|Any CPU.Deploy.0 = Release|Any CPU
		{7DFD474C-1D7C-4644-B4AB-F076987D7A09}.Ad-Hoc|ARM.ActiveCfg = Release|Any CPU
		{7DFD474C-1D7C-4644-B4AB-F076987D7A09}.Ad-Hoc|ARM.Build.0 = Release|Any CPU
		{7DFD474C-1D7C-4644-B4AB-F076987D7A09}.Ad-Hoc|ARM.Deploy.0 = Release|Any CPU
		{7DFD474C-1D7C-4644-B4AB-F076987D7A09}.Ad-Hoc|iPhone.ActiveCfg = Release|Any CPU
		{7DFD474C-1D7C-4644-B4AB-F076987D7A09}.Ad-Hoc|iPhone.Build.0 = Release|Any CPU
		{7DFD474C-1D7C-4644-B4AB-F076987D7A09}.Ad-Hoc|iPhone.Deploy.0 = Release|Any CPU
		{7DFD474C-1D7C-4644-B4AB-F076987D7A09}.Ad-Hoc|iPhoneSimulator.ActiveCfg = Release|Any CPU
		{7DFD474C-1D7C-4644-B4AB-F076987D7A09}.Ad-Hoc|iPhoneSimulator.Build.0 = Release|Any CPU
		{7DFD474C-1D7C-4644-B4AB-F076987D7A09}.Ad-Hoc|iPhoneSimulator.Deploy.0 = Release|Any CPU
		{7DFD474C-1D7C-4644-B4AB-F076987D7A09}.Ad-Hoc|x64.ActiveCfg = Release|Any CPU
		{7DFD474C-1D7C-4644-B4AB-F076987D7A09}.Ad-Hoc|x64.Build.0 = Release|Any CPU
		{7DFD474C-1D7C-4644-B4AB-F076987D7A09}.Ad-Hoc|x64.Deploy.0 = Release|Any CPU
		{7DFD474C-1D7C-4644-B4AB-F076987D7A09}.Ad-Hoc|x86.ActiveCfg = Release|Any CPU
		{7DFD474C-1D7C-4644-B4AB-F076987D7A09}.Ad-Hoc|x86.Build.0 = Release|Any CPU
		{7DFD474C-1D7C-4644-B4AB-F076987D7A09}.Ad-Hoc|x86.Deploy.0 = Release|Any CPU
		{7DFD474C-1D7C-4644-B4AB-F076987D7A09}.AppStore|Any CPU.ActiveCfg = Release|Any CPU
		{7DFD474C-1D7C-4644-B4AB-F076987D7A09}.AppStore|Any CPU.Build.0 = Release|Any CPU
		{7DFD474C-1D7C-4644-B4AB-F076987D7A09}.AppStore|Any CPU.Deploy.0 = Release|Any CPU
		{7DFD474C-1D7C-4644-B4AB-F076987D7A09}.AppStore|ARM.ActiveCfg = Release|Any CPU
		{7DFD474C-1D7C-4644-B4AB-F076987D7A09}.AppStore|ARM.Build.0 = Release|Any CPU
		{7DFD474C-1D7C-4644-B4AB-F076987D7A09}.AppStore|ARM.Deploy.0 = Release|Any CPU
		{7DFD474C-1D7C-4644-B4AB-F076987D7A09}.AppStore|iPhone.ActiveCfg = Release|Any CPU
		{7DFD474C-1D7C-4644-B4AB-F076987D7A09}.AppStore|iPhoneSimulator.ActiveCfg = Release|Any CPU
		{7DFD474C-1D7C-4644-B4AB-F076987D7A09}.AppStore|iPhoneSimulator.Deploy.0 = Release|Any CPU
		{7DFD474C-1D7C-4644-B4AB-F076987D7A09}.AppStore|x64.ActiveCfg = Release|Any CPU
		{7DFD474C-1D7C-4644-B4AB-F076987D7A09}.AppStore|x64.Build.0 = Release|Any CPU
		{7DFD474C-1D7C-4644-B4AB-F076987D7A09}.AppStore|x64.Deploy.0 = Release|Any CPU
		{7DFD474C-1D7C-4644-B4AB-F076987D7A09}.AppStore|x86.ActiveCfg = Release|Any CPU
		{7DFD474C-1D7C-4644-B4AB-F076987D7A09}.AppStore|x86.Build.0 = Release|Any CPU
		{7DFD474C-1D7C-4644-B4AB-F076987D7A09}.AppStore|x86.Deploy.0 = Release|Any CPU
		{7DFD474C-1D7C-4644-B4AB-F076987D7A09}.Debug|Any CPU.ActiveCfg = Debug|Any CPU
		{7DFD474C-1D7C-4644-B4AB-F076987D7A09}.Debug|Any CPU.Build.0 = Debug|Any CPU
		{7DFD474C-1D7C-4644-B4AB-F076987D7A09}.Debug|Any CPU.Deploy.0 = Debug|Any CPU
		{7DFD474C-1D7C-4644-B4AB-F076987D7A09}.Debug|ARM.ActiveCfg = Debug|Any CPU
		{7DFD474C-1D7C-4644-B4AB-F076987D7A09}.Debug|ARM.Build.0 = Debug|Any CPU
		{7DFD474C-1D7C-4644-B4AB-F076987D7A09}.Debug|ARM.Deploy.0 = Debug|Any CPU
		{7DFD474C-1D7C-4644-B4AB-F076987D7A09}.Debug|iPhone.ActiveCfg = Debug|Any CPU
		{7DFD474C-1D7C-4644-B4AB-F076987D7A09}.Debug|iPhone.Deploy.0 = Debug|Any CPU
		{7DFD474C-1D7C-4644-B4AB-F076987D7A09}.Debug|iPhoneSimulator.ActiveCfg = Debug|Any CPU
		{7DFD474C-1D7C-4644-B4AB-F076987D7A09}.Debug|x64.ActiveCfg = Debug|Any CPU
		{7DFD474C-1D7C-4644-B4AB-F076987D7A09}.Debug|x64.Build.0 = Debug|Any CPU
		{7DFD474C-1D7C-4644-B4AB-F076987D7A09}.Debug|x64.Deploy.0 = Debug|Any CPU
		{7DFD474C-1D7C-4644-B4AB-F076987D7A09}.Debug|x86.ActiveCfg = Debug|Any CPU
		{7DFD474C-1D7C-4644-B4AB-F076987D7A09}.Debug|x86.Build.0 = Debug|Any CPU
		{7DFD474C-1D7C-4644-B4AB-F076987D7A09}.Debug|x86.Deploy.0 = Debug|Any CPU
		{7DFD474C-1D7C-4644-B4AB-F076987D7A09}.Release|Any CPU.ActiveCfg = Release|Any CPU
		{7DFD474C-1D7C-4644-B4AB-F076987D7A09}.Release|Any CPU.Build.0 = Release|Any CPU
		{7DFD474C-1D7C-4644-B4AB-F076987D7A09}.Release|Any CPU.Deploy.0 = Release|Any CPU
		{7DFD474C-1D7C-4644-B4AB-F076987D7A09}.Release|ARM.ActiveCfg = Release|Any CPU
		{7DFD474C-1D7C-4644-B4AB-F076987D7A09}.Release|ARM.Build.0 = Release|Any CPU
		{7DFD474C-1D7C-4644-B4AB-F076987D7A09}.Release|ARM.Deploy.0 = Release|Any CPU
		{7DFD474C-1D7C-4644-B4AB-F076987D7A09}.Release|iPhone.ActiveCfg = Release|Any CPU
		{7DFD474C-1D7C-4644-B4AB-F076987D7A09}.Release|iPhone.Build.0 = Release|Any CPU
		{7DFD474C-1D7C-4644-B4AB-F076987D7A09}.Release|iPhone.Deploy.0 = Release|Any CPU
		{7DFD474C-1D7C-4644-B4AB-F076987D7A09}.Release|iPhoneSimulator.ActiveCfg = Release|Any CPU
		{7DFD474C-1D7C-4644-B4AB-F076987D7A09}.Release|iPhoneSimulator.Build.0 = Release|Any CPU
		{7DFD474C-1D7C-4644-B4AB-F076987D7A09}.Release|iPhoneSimulator.Deploy.0 = Release|Any CPU
		{7DFD474C-1D7C-4644-B4AB-F076987D7A09}.Release|x64.ActiveCfg = Release|Any CPU
		{7DFD474C-1D7C-4644-B4AB-F076987D7A09}.Release|x64.Build.0 = Release|Any CPU
		{7DFD474C-1D7C-4644-B4AB-F076987D7A09}.Release|x64.Deploy.0 = Release|Any CPU
		{7DFD474C-1D7C-4644-B4AB-F076987D7A09}.Release|x86.ActiveCfg = Release|Any CPU
		{7DFD474C-1D7C-4644-B4AB-F076987D7A09}.Release|x86.Build.0 = Release|Any CPU
		{7DFD474C-1D7C-4644-B4AB-F076987D7A09}.Release|x86.Deploy.0 = Release|Any CPU
		{951E841E-FAE4-496C-98FC-F4C6307FF9BC}.Ad-Hoc|Any CPU.ActiveCfg = Ad-Hoc|iPhone
		{951E841E-FAE4-496C-98FC-F4C6307FF9BC}.Ad-Hoc|ARM.ActiveCfg = Ad-Hoc|iPhone
		{951E841E-FAE4-496C-98FC-F4C6307FF9BC}.Ad-Hoc|iPhone.ActiveCfg = Ad-Hoc|iPhone
		{951E841E-FAE4-496C-98FC-F4C6307FF9BC}.Ad-Hoc|iPhone.Build.0 = Ad-Hoc|iPhone
		{951E841E-FAE4-496C-98FC-F4C6307FF9BC}.Ad-Hoc|iPhoneSimulator.ActiveCfg = Ad-Hoc|iPhoneSimulator
		{951E841E-FAE4-496C-98FC-F4C6307FF9BC}.Ad-Hoc|iPhoneSimulator.Build.0 = Ad-Hoc|iPhoneSimulator
		{951E841E-FAE4-496C-98FC-F4C6307FF9BC}.Ad-Hoc|x64.ActiveCfg = Ad-Hoc|iPhone
		{951E841E-FAE4-496C-98FC-F4C6307FF9BC}.Ad-Hoc|x86.ActiveCfg = Ad-Hoc|iPhone
		{951E841E-FAE4-496C-98FC-F4C6307FF9BC}.AppStore|Any CPU.ActiveCfg = AppStore|iPhone
		{951E841E-FAE4-496C-98FC-F4C6307FF9BC}.AppStore|ARM.ActiveCfg = AppStore|iPhone
		{951E841E-FAE4-496C-98FC-F4C6307FF9BC}.AppStore|iPhone.ActiveCfg = AppStore|iPhone
		{951E841E-FAE4-496C-98FC-F4C6307FF9BC}.AppStore|iPhone.Build.0 = AppStore|iPhone
		{951E841E-FAE4-496C-98FC-F4C6307FF9BC}.AppStore|iPhoneSimulator.ActiveCfg = AppStore|iPhoneSimulator
		{951E841E-FAE4-496C-98FC-F4C6307FF9BC}.AppStore|iPhoneSimulator.Build.0 = AppStore|iPhoneSimulator
		{951E841E-FAE4-496C-98FC-F4C6307FF9BC}.AppStore|x64.ActiveCfg = AppStore|iPhone
		{951E841E-FAE4-496C-98FC-F4C6307FF9BC}.AppStore|x86.ActiveCfg = AppStore|iPhone
		{951E841E-FAE4-496C-98FC-F4C6307FF9BC}.Debug|Any CPU.ActiveCfg = Debug|iPhone
		{951E841E-FAE4-496C-98FC-F4C6307FF9BC}.Debug|ARM.ActiveCfg = Debug|iPhone
		{951E841E-FAE4-496C-98FC-F4C6307FF9BC}.Debug|iPhone.ActiveCfg = Debug|iPhone
		{951E841E-FAE4-496C-98FC-F4C6307FF9BC}.Debug|iPhone.Build.0 = Debug|iPhone
		{951E841E-FAE4-496C-98FC-F4C6307FF9BC}.Debug|iPhoneSimulator.ActiveCfg = Debug|iPhoneSimulator
		{951E841E-FAE4-496C-98FC-F4C6307FF9BC}.Debug|iPhoneSimulator.Build.0 = Debug|iPhoneSimulator
		{951E841E-FAE4-496C-98FC-F4C6307FF9BC}.Debug|x64.ActiveCfg = Debug|iPhone
		{951E841E-FAE4-496C-98FC-F4C6307FF9BC}.Debug|x86.ActiveCfg = Debug|iPhone
		{951E841E-FAE4-496C-98FC-F4C6307FF9BC}.Release|Any CPU.ActiveCfg = Release|iPhone
		{951E841E-FAE4-496C-98FC-F4C6307FF9BC}.Release|ARM.ActiveCfg = Release|iPhone
		{951E841E-FAE4-496C-98FC-F4C6307FF9BC}.Release|iPhone.ActiveCfg = Release|iPhone
		{951E841E-FAE4-496C-98FC-F4C6307FF9BC}.Release|iPhone.Build.0 = Release|iPhone
		{951E841E-FAE4-496C-98FC-F4C6307FF9BC}.Release|iPhoneSimulator.ActiveCfg = Release|iPhoneSimulator
		{951E841E-FAE4-496C-98FC-F4C6307FF9BC}.Release|iPhoneSimulator.Build.0 = Release|iPhoneSimulator
		{951E841E-FAE4-496C-98FC-F4C6307FF9BC}.Release|x64.ActiveCfg = Release|iPhone
		{951E841E-FAE4-496C-98FC-F4C6307FF9BC}.Release|x86.ActiveCfg = Release|iPhone
		{1F21E748-7254-48BE-A2EB-0D4806223C22}.Ad-Hoc|Any CPU.ActiveCfg = Release|Any CPU
		{1F21E748-7254-48BE-A2EB-0D4806223C22}.Ad-Hoc|Any CPU.Build.0 = Release|Any CPU
		{1F21E748-7254-48BE-A2EB-0D4806223C22}.Ad-Hoc|ARM.ActiveCfg = Release|Any CPU
		{1F21E748-7254-48BE-A2EB-0D4806223C22}.Ad-Hoc|ARM.Build.0 = Release|Any CPU
		{1F21E748-7254-48BE-A2EB-0D4806223C22}.Ad-Hoc|iPhone.ActiveCfg = Release|Any CPU
		{1F21E748-7254-48BE-A2EB-0D4806223C22}.Ad-Hoc|iPhone.Build.0 = Release|Any CPU
		{1F21E748-7254-48BE-A2EB-0D4806223C22}.Ad-Hoc|iPhoneSimulator.ActiveCfg = Release|Any CPU
		{1F21E748-7254-48BE-A2EB-0D4806223C22}.Ad-Hoc|iPhoneSimulator.Build.0 = Release|Any CPU
		{1F21E748-7254-48BE-A2EB-0D4806223C22}.Ad-Hoc|x64.ActiveCfg = Release|Any CPU
		{1F21E748-7254-48BE-A2EB-0D4806223C22}.Ad-Hoc|x64.Build.0 = Release|Any CPU
		{1F21E748-7254-48BE-A2EB-0D4806223C22}.Ad-Hoc|x86.ActiveCfg = Release|Any CPU
		{1F21E748-7254-48BE-A2EB-0D4806223C22}.Ad-Hoc|x86.Build.0 = Release|Any CPU
		{1F21E748-7254-48BE-A2EB-0D4806223C22}.AppStore|Any CPU.ActiveCfg = Release|Any CPU
		{1F21E748-7254-48BE-A2EB-0D4806223C22}.AppStore|Any CPU.Build.0 = Release|Any CPU
		{1F21E748-7254-48BE-A2EB-0D4806223C22}.AppStore|ARM.ActiveCfg = Release|Any CPU
		{1F21E748-7254-48BE-A2EB-0D4806223C22}.AppStore|ARM.Build.0 = Release|Any CPU
		{1F21E748-7254-48BE-A2EB-0D4806223C22}.AppStore|iPhone.ActiveCfg = Release|Any CPU
		{1F21E748-7254-48BE-A2EB-0D4806223C22}.AppStore|iPhone.Build.0 = Release|Any CPU
		{1F21E748-7254-48BE-A2EB-0D4806223C22}.AppStore|iPhoneSimulator.ActiveCfg = Release|Any CPU
		{1F21E748-7254-48BE-A2EB-0D4806223C22}.AppStore|iPhoneSimulator.Build.0 = Release|Any CPU
		{1F21E748-7254-48BE-A2EB-0D4806223C22}.AppStore|x64.ActiveCfg = Release|Any CPU
		{1F21E748-7254-48BE-A2EB-0D4806223C22}.AppStore|x64.Build.0 = Release|Any CPU
		{1F21E748-7254-48BE-A2EB-0D4806223C22}.AppStore|x86.ActiveCfg = Release|Any CPU
		{1F21E748-7254-48BE-A2EB-0D4806223C22}.AppStore|x86.Build.0 = Release|Any CPU
		{1F21E748-7254-48BE-A2EB-0D4806223C22}.Debug|Any CPU.ActiveCfg = Debug|Any CPU
		{1F21E748-7254-48BE-A2EB-0D4806223C22}.Debug|Any CPU.Build.0 = Debug|Any CPU
		{1F21E748-7254-48BE-A2EB-0D4806223C22}.Debug|ARM.ActiveCfg = Debug|Any CPU
		{1F21E748-7254-48BE-A2EB-0D4806223C22}.Debug|ARM.Build.0 = Debug|Any CPU
		{1F21E748-7254-48BE-A2EB-0D4806223C22}.Debug|iPhone.ActiveCfg = Debug|Any CPU
		{1F21E748-7254-48BE-A2EB-0D4806223C22}.Debug|iPhone.Build.0 = Debug|Any CPU
		{1F21E748-7254-48BE-A2EB-0D4806223C22}.Debug|iPhoneSimulator.ActiveCfg = Debug|Any CPU
		{1F21E748-7254-48BE-A2EB-0D4806223C22}.Debug|iPhoneSimulator.Build.0 = Debug|Any CPU
		{1F21E748-7254-48BE-A2EB-0D4806223C22}.Debug|x64.ActiveCfg = Debug|Any CPU
		{1F21E748-7254-48BE-A2EB-0D4806223C22}.Debug|x64.Build.0 = Debug|Any CPU
		{1F21E748-7254-48BE-A2EB-0D4806223C22}.Debug|x86.ActiveCfg = Debug|Any CPU
		{1F21E748-7254-48BE-A2EB-0D4806223C22}.Debug|x86.Build.0 = Debug|Any CPU
		{1F21E748-7254-48BE-A2EB-0D4806223C22}.Release|Any CPU.ActiveCfg = Release|Any CPU
		{1F21E748-7254-48BE-A2EB-0D4806223C22}.Release|Any CPU.Build.0 = Release|Any CPU
		{1F21E748-7254-48BE-A2EB-0D4806223C22}.Release|ARM.ActiveCfg = Release|Any CPU
		{1F21E748-7254-48BE-A2EB-0D4806223C22}.Release|ARM.Build.0 = Release|Any CPU
		{1F21E748-7254-48BE-A2EB-0D4806223C22}.Release|iPhone.ActiveCfg = Release|Any CPU
		{1F21E748-7254-48BE-A2EB-0D4806223C22}.Release|iPhone.Build.0 = Release|Any CPU
		{1F21E748-7254-48BE-A2EB-0D4806223C22}.Release|iPhoneSimulator.ActiveCfg = Release|Any CPU
		{1F21E748-7254-48BE-A2EB-0D4806223C22}.Release|iPhoneSimulator.Build.0 = Release|Any CPU
		{1F21E748-7254-48BE-A2EB-0D4806223C22}.Release|x64.ActiveCfg = Release|Any CPU
		{1F21E748-7254-48BE-A2EB-0D4806223C22}.Release|x64.Build.0 = Release|Any CPU
		{1F21E748-7254-48BE-A2EB-0D4806223C22}.Release|x86.ActiveCfg = Release|Any CPU
		{1F21E748-7254-48BE-A2EB-0D4806223C22}.Release|x86.Build.0 = Release|Any CPU
		{67F9D3A8-F71E-4428-913F-C37AE82CDB24}.Ad-Hoc|Any CPU.ActiveCfg = Release|Any CPU
		{67F9D3A8-F71E-4428-913F-C37AE82CDB24}.Ad-Hoc|Any CPU.Build.0 = Release|Any CPU
		{67F9D3A8-F71E-4428-913F-C37AE82CDB24}.Ad-Hoc|ARM.ActiveCfg = Release|Any CPU
		{67F9D3A8-F71E-4428-913F-C37AE82CDB24}.Ad-Hoc|ARM.Build.0 = Release|Any CPU
		{67F9D3A8-F71E-4428-913F-C37AE82CDB24}.Ad-Hoc|iPhone.ActiveCfg = Release|Any CPU
		{67F9D3A8-F71E-4428-913F-C37AE82CDB24}.Ad-Hoc|iPhone.Build.0 = Release|Any CPU
		{67F9D3A8-F71E-4428-913F-C37AE82CDB24}.Ad-Hoc|iPhoneSimulator.ActiveCfg = Release|Any CPU
		{67F9D3A8-F71E-4428-913F-C37AE82CDB24}.Ad-Hoc|iPhoneSimulator.Build.0 = Release|Any CPU
		{67F9D3A8-F71E-4428-913F-C37AE82CDB24}.Ad-Hoc|x64.ActiveCfg = Release|Any CPU
		{67F9D3A8-F71E-4428-913F-C37AE82CDB24}.Ad-Hoc|x64.Build.0 = Release|Any CPU
		{67F9D3A8-F71E-4428-913F-C37AE82CDB24}.Ad-Hoc|x86.ActiveCfg = Release|Any CPU
		{67F9D3A8-F71E-4428-913F-C37AE82CDB24}.Ad-Hoc|x86.Build.0 = Release|Any CPU
		{67F9D3A8-F71E-4428-913F-C37AE82CDB24}.AppStore|Any CPU.ActiveCfg = Release|Any CPU
		{67F9D3A8-F71E-4428-913F-C37AE82CDB24}.AppStore|Any CPU.Build.0 = Release|Any CPU
		{67F9D3A8-F71E-4428-913F-C37AE82CDB24}.AppStore|ARM.ActiveCfg = Release|Any CPU
		{67F9D3A8-F71E-4428-913F-C37AE82CDB24}.AppStore|ARM.Build.0 = Release|Any CPU
		{67F9D3A8-F71E-4428-913F-C37AE82CDB24}.AppStore|iPhone.ActiveCfg = Release|Any CPU
		{67F9D3A8-F71E-4428-913F-C37AE82CDB24}.AppStore|iPhone.Build.0 = Release|Any CPU
		{67F9D3A8-F71E-4428-913F-C37AE82CDB24}.AppStore|iPhoneSimulator.ActiveCfg = Release|Any CPU
		{67F9D3A8-F71E-4428-913F-C37AE82CDB24}.AppStore|iPhoneSimulator.Build.0 = Release|Any CPU
		{67F9D3A8-F71E-4428-913F-C37AE82CDB24}.AppStore|x64.ActiveCfg = Release|Any CPU
		{67F9D3A8-F71E-4428-913F-C37AE82CDB24}.AppStore|x64.Build.0 = Release|Any CPU
		{67F9D3A8-F71E-4428-913F-C37AE82CDB24}.AppStore|x86.ActiveCfg = Release|Any CPU
		{67F9D3A8-F71E-4428-913F-C37AE82CDB24}.AppStore|x86.Build.0 = Release|Any CPU
		{67F9D3A8-F71E-4428-913F-C37AE82CDB24}.Debug|Any CPU.ActiveCfg = Debug|Any CPU
		{67F9D3A8-F71E-4428-913F-C37AE82CDB24}.Debug|Any CPU.Build.0 = Debug|Any CPU
		{67F9D3A8-F71E-4428-913F-C37AE82CDB24}.Debug|Any CPU.Deploy.0 = Debug|Any CPU
		{67F9D3A8-F71E-4428-913F-C37AE82CDB24}.Debug|ARM.ActiveCfg = Debug|Any CPU
		{67F9D3A8-F71E-4428-913F-C37AE82CDB24}.Debug|ARM.Build.0 = Debug|Any CPU
		{67F9D3A8-F71E-4428-913F-C37AE82CDB24}.Debug|iPhone.ActiveCfg = Debug|Any CPU
		{67F9D3A8-F71E-4428-913F-C37AE82CDB24}.Debug|iPhone.Build.0 = Debug|Any CPU
		{67F9D3A8-F71E-4428-913F-C37AE82CDB24}.Debug|iPhoneSimulator.ActiveCfg = Debug|Any CPU
		{67F9D3A8-F71E-4428-913F-C37AE82CDB24}.Debug|iPhoneSimulator.Build.0 = Debug|Any CPU
		{67F9D3A8-F71E-4428-913F-C37AE82CDB24}.Debug|x64.ActiveCfg = Debug|Any CPU
		{67F9D3A8-F71E-4428-913F-C37AE82CDB24}.Debug|x64.Build.0 = Debug|Any CPU
		{67F9D3A8-F71E-4428-913F-C37AE82CDB24}.Debug|x86.ActiveCfg = Debug|Any CPU
		{67F9D3A8-F71E-4428-913F-C37AE82CDB24}.Debug|x86.Build.0 = Debug|Any CPU
		{67F9D3A8-F71E-4428-913F-C37AE82CDB24}.Release|Any CPU.ActiveCfg = Release|Any CPU
		{67F9D3A8-F71E-4428-913F-C37AE82CDB24}.Release|Any CPU.Build.0 = Release|Any CPU
		{67F9D3A8-F71E-4428-913F-C37AE82CDB24}.Release|ARM.ActiveCfg = Release|Any CPU
		{67F9D3A8-F71E-4428-913F-C37AE82CDB24}.Release|ARM.Build.0 = Release|Any CPU
		{67F9D3A8-F71E-4428-913F-C37AE82CDB24}.Release|iPhone.ActiveCfg = Release|Any CPU
		{67F9D3A8-F71E-4428-913F-C37AE82CDB24}.Release|iPhone.Build.0 = Release|Any CPU
		{67F9D3A8-F71E-4428-913F-C37AE82CDB24}.Release|iPhoneSimulator.ActiveCfg = Release|Any CPU
		{67F9D3A8-F71E-4428-913F-C37AE82CDB24}.Release|iPhoneSimulator.Build.0 = Release|Any CPU
		{67F9D3A8-F71E-4428-913F-C37AE82CDB24}.Release|x64.ActiveCfg = Release|Any CPU
		{67F9D3A8-F71E-4428-913F-C37AE82CDB24}.Release|x64.Build.0 = Release|Any CPU
		{67F9D3A8-F71E-4428-913F-C37AE82CDB24}.Release|x86.ActiveCfg = Release|Any CPU
		{67F9D3A8-F71E-4428-913F-C37AE82CDB24}.Release|x86.Build.0 = Release|Any CPU
		{3CBF5059-BA08-4E06-B60B-B779947A094D}.Ad-Hoc|Any CPU.ActiveCfg = Release|x64
		{3CBF5059-BA08-4E06-B60B-B779947A094D}.Ad-Hoc|Any CPU.Build.0 = Release|x64
		{3CBF5059-BA08-4E06-B60B-B779947A094D}.Ad-Hoc|Any CPU.Deploy.0 = Release|x64
		{3CBF5059-BA08-4E06-B60B-B779947A094D}.Ad-Hoc|ARM.ActiveCfg = Release|ARM
		{3CBF5059-BA08-4E06-B60B-B779947A094D}.Ad-Hoc|ARM.Build.0 = Release|ARM
		{3CBF5059-BA08-4E06-B60B-B779947A094D}.Ad-Hoc|ARM.Deploy.0 = Release|ARM
		{3CBF5059-BA08-4E06-B60B-B779947A094D}.Ad-Hoc|iPhone.ActiveCfg = Release|x64
		{3CBF5059-BA08-4E06-B60B-B779947A094D}.Ad-Hoc|iPhone.Build.0 = Release|x64
		{3CBF5059-BA08-4E06-B60B-B779947A094D}.Ad-Hoc|iPhone.Deploy.0 = Release|x64
		{3CBF5059-BA08-4E06-B60B-B779947A094D}.Ad-Hoc|iPhoneSimulator.ActiveCfg = Release|x64
		{3CBF5059-BA08-4E06-B60B-B779947A094D}.Ad-Hoc|iPhoneSimulator.Build.0 = Release|x64
		{3CBF5059-BA08-4E06-B60B-B779947A094D}.Ad-Hoc|iPhoneSimulator.Deploy.0 = Release|x64
		{3CBF5059-BA08-4E06-B60B-B779947A094D}.Ad-Hoc|x64.ActiveCfg = Release|x64
		{3CBF5059-BA08-4E06-B60B-B779947A094D}.Ad-Hoc|x64.Build.0 = Release|x64
		{3CBF5059-BA08-4E06-B60B-B779947A094D}.Ad-Hoc|x64.Deploy.0 = Release|x64
		{3CBF5059-BA08-4E06-B60B-B779947A094D}.Ad-Hoc|x86.ActiveCfg = Release|x86
		{3CBF5059-BA08-4E06-B60B-B779947A094D}.Ad-Hoc|x86.Build.0 = Release|x86
		{3CBF5059-BA08-4E06-B60B-B779947A094D}.Ad-Hoc|x86.Deploy.0 = Release|x86
		{3CBF5059-BA08-4E06-B60B-B779947A094D}.AppStore|Any CPU.ActiveCfg = Release|x64
		{3CBF5059-BA08-4E06-B60B-B779947A094D}.AppStore|Any CPU.Build.0 = Release|x64
		{3CBF5059-BA08-4E06-B60B-B779947A094D}.AppStore|Any CPU.Deploy.0 = Release|x64
		{3CBF5059-BA08-4E06-B60B-B779947A094D}.AppStore|ARM.ActiveCfg = Release|ARM
		{3CBF5059-BA08-4E06-B60B-B779947A094D}.AppStore|ARM.Build.0 = Release|ARM
		{3CBF5059-BA08-4E06-B60B-B779947A094D}.AppStore|ARM.Deploy.0 = Release|ARM
		{3CBF5059-BA08-4E06-B60B-B779947A094D}.AppStore|iPhone.ActiveCfg = Release|x64
		{3CBF5059-BA08-4E06-B60B-B779947A094D}.AppStore|iPhoneSimulator.ActiveCfg = Release|x64
		{3CBF5059-BA08-4E06-B60B-B779947A094D}.AppStore|iPhoneSimulator.Build.0 = Release|x64
		{3CBF5059-BA08-4E06-B60B-B779947A094D}.AppStore|iPhoneSimulator.Deploy.0 = Release|x64
		{3CBF5059-BA08-4E06-B60B-B779947A094D}.AppStore|x64.ActiveCfg = Release|x64
		{3CBF5059-BA08-4E06-B60B-B779947A094D}.AppStore|x64.Build.0 = Release|x64
		{3CBF5059-BA08-4E06-B60B-B779947A094D}.AppStore|x64.Deploy.0 = Release|x64
		{3CBF5059-BA08-4E06-B60B-B779947A094D}.AppStore|x86.ActiveCfg = Release|x86
		{3CBF5059-BA08-4E06-B60B-B779947A094D}.AppStore|x86.Build.0 = Release|x86
		{3CBF5059-BA08-4E06-B60B-B779947A094D}.AppStore|x86.Deploy.0 = Release|x86
		{3CBF5059-BA08-4E06-B60B-B779947A094D}.Debug|Any CPU.ActiveCfg = Debug|x86
		{3CBF5059-BA08-4E06-B60B-B779947A094D}.Debug|ARM.ActiveCfg = Debug|ARM
		{3CBF5059-BA08-4E06-B60B-B779947A094D}.Debug|ARM.Build.0 = Debug|ARM
		{3CBF5059-BA08-4E06-B60B-B779947A094D}.Debug|ARM.Deploy.0 = Debug|ARM
		{3CBF5059-BA08-4E06-B60B-B779947A094D}.Debug|iPhone.ActiveCfg = Debug|x86
		{3CBF5059-BA08-4E06-B60B-B779947A094D}.Debug|iPhoneSimulator.ActiveCfg = Debug|x86
		{3CBF5059-BA08-4E06-B60B-B779947A094D}.Debug|iPhoneSimulator.Build.0 = Debug|x86
		{3CBF5059-BA08-4E06-B60B-B779947A094D}.Debug|iPhoneSimulator.Deploy.0 = Debug|x86
		{3CBF5059-BA08-4E06-B60B-B779947A094D}.Debug|x64.ActiveCfg = Debug|x64
		{3CBF5059-BA08-4E06-B60B-B779947A094D}.Debug|x64.Build.0 = Debug|x64
		{3CBF5059-BA08-4E06-B60B-B779947A094D}.Debug|x64.Deploy.0 = Debug|x64
		{3CBF5059-BA08-4E06-B60B-B779947A094D}.Debug|x86.ActiveCfg = Debug|x86
		{3CBF5059-BA08-4E06-B60B-B779947A094D}.Debug|x86.Build.0 = Debug|x86
		{3CBF5059-BA08-4E06-B60B-B779947A094D}.Debug|x86.Deploy.0 = Debug|x86
		{3CBF5059-BA08-4E06-B60B-B779947A094D}.Release|Any CPU.ActiveCfg = Release|x86
		{3CBF5059-BA08-4E06-B60B-B779947A094D}.Release|ARM.ActiveCfg = Release|ARM
		{3CBF5059-BA08-4E06-B60B-B779947A094D}.Release|ARM.Build.0 = Release|ARM
		{3CBF5059-BA08-4E06-B60B-B779947A094D}.Release|ARM.Deploy.0 = Release|ARM
		{3CBF5059-BA08-4E06-B60B-B779947A094D}.Release|iPhone.ActiveCfg = Release|x86
		{3CBF5059-BA08-4E06-B60B-B779947A094D}.Release|iPhoneSimulator.ActiveCfg = Release|x86
		{3CBF5059-BA08-4E06-B60B-B779947A094D}.Release|x64.ActiveCfg = Release|x64
		{3CBF5059-BA08-4E06-B60B-B779947A094D}.Release|x64.Build.0 = Release|x64
		{3CBF5059-BA08-4E06-B60B-B779947A094D}.Release|x64.Deploy.0 = Release|x64
		{3CBF5059-BA08-4E06-B60B-B779947A094D}.Release|x86.ActiveCfg = Release|x86
		{3CBF5059-BA08-4E06-B60B-B779947A094D}.Release|x86.Build.0 = Release|x86
		{3CBF5059-BA08-4E06-B60B-B779947A094D}.Release|x86.Deploy.0 = Release|x86
	EndGlobalSection
	GlobalSection(SolutionProperties) = preSolution
		HideSolutionNode = FALSE
	EndGlobalSection
	GlobalSection(ExtensibilityGlobals) = postSolution
		SolutionGuid = {5C01D788-72A7-495E-8412-337921DF7BB1}
	EndGlobalSection
EndGlobal
